{
  "name": "Team7_Electron",
  "version": "1.0.0",
  "lockfileVersion": 1,
  "requires": true,
  "dependencies": {
    "electorn": {
      "version": "0.0.1-security",
      "resolved": "https://registry.npmjs.org/electorn/-/electorn-0.0.1-security.tgz",
      "integrity": "sha512-oMceq75Eyd9oMydHm5nKbk1CwsQWyN1fNZCHn5JcqGsIZ13pFJs1D+s548VxYtj4hsaAko3R16iv5NXec4zTng==",
      "dev": true
    }
  }
}
